
Microsoft Visual Studio Solution File, Format Version 12.00
# Visual Studio 15
VisualStudioVersion = 15.0.28010.2050
MinimumVisualStudioVersion = 10.0.40219.1
Project("{FAE04EC0-301F-11D3-BF4B-00C04F79EFBC}") = "ContosoUniversity", "ContosoUniversity\ContosoUniversity.csproj", "{1F3141FA-EFDF-48FD-A496-F3D6152C5958}"
EndProject
Global
	GlobalSection(SolutionConfigurationPlatforms) = preSolution
		Debug|Any CPU = Debug|Any CPU
		Release|Any CPU = Release|Any CPU
	EndGlobalSection
	GlobalSection(ProjectConfigurationPlatforms) = postSolution
		{1F3141FA-EFDF-48FD-A496-F3D6152C5958}.Debug|Any CPU.ActiveCfg = Debug|Any CPU
		{1F3141FA-EFDF-48FD-A496-F3D6152C5958}.Debug|Any CPU.Build.0 = Debug|Any CPU
		{1F3141FA-EFDF-48FD-A496-F3D6152C5958}.Release|Any CPU.ActiveCfg = Release|Any CPU
		{1F3141FA-EFDF-48FD-A496-F3D6152C5958}.Release|Any CPU.Build.0 = Release|Any CPU
	EndGlobalSection
	GlobalSection(SolutionProperties) = preSolution
		HideSolutionNode = FALSE
	EndGlobalSection
	GlobalSection(ExtensibilityGlobals) = postSolution
		SolutionGuid = {6AF71F11-C8E3-4405-AE26-88BD54B661A7}
	EndGlobalSection
EndGlobal
